
Microsoft Visual Studio Solution File, Format Version 12.00
# Visual Studio Version 16
VisualStudioVersion = 16.0.30717.126
MinimumVisualStudioVersion = 10.0.40219.1
Project("{8BC9CEB8-8B4A-11D0-8D11-00A0C91BC942}") = "CheatIt", "CheatIt\CheatIt.vcxproj", "{2F097290-656B-47B0-9287-4707333AB0BB}"
EndProject
Global
	GlobalSection(SolutionConfigurationPlatforms) = preSolution
		Debug|x64 = Debug|x64
		Release|x64 = Release|x64
	EndGlobalSection
	GlobalSection(ProjectConfigurationPlatforms) = postSolution
		{2F097290-656B-47B0-9287-4707333AB0BB}.Debug|x64.ActiveCfg = Debug|x64
		{2F097290-656B-47B0-9287-4707333AB0BB}.Debug|x64.Build.0 = Debug|x64
		{2F097290-656B-47B0-9287-4707333AB0BB}.Release|x64.ActiveCfg = Release|x64
		{2F097290-656B-47B0-9287-4707333AB0BB}.Release|x64.Build.0 = Release|x64
	EndGlobalSection
	GlobalSection(SolutionProperties) = preSolution
		HideSolutionNode = FALSE
	EndGlobalSection
	GlobalSection(ExtensibilityGlobals) = postSolution
		SolutionGuid = {99394375-443E-4301-871A-1E3A361F888B}
	EndGlobalSection
EndGlobal
